{
    "_meta": {
        "hash": {
            "sha256": "23e76c98520b168f310eb7287cd807474a3f6e8737a1d899a458078e03f7a2ce"
        },
        "pipfile-spec": 6,
        "requires": {
            "python_version": "3.6"
        },
        "sources": [
            {
                "name": "pypi",
                "url": "https://pypi.python.org/simple",
                "verify_ssl": true
            }
        ]
    },
    "default": {
        "aiofiles": {
            "hashes": [
                "sha256:25c66ea3872d05d53292a6b3f7fa0f86691512076446d83a505d227b5e76f668",
                "sha256:852a493a877b73e11823bfd4e8e5ef2610d70d12c9eaed961bcd9124d8de8c10"
            ],
            "version": "==0.3.2"
        },
        "dukpy": {
            "hashes": [
                "sha256:0f85faca6d32044ac64347965c4d3e8c19c92df03d40ca9bf93ae38dfefba8d4",
                "sha256:1ca72a30adae4e5dccb870586e47efb9dc62948bba1a2bc4de901daa69e85ced",
                "sha256:259e73b6d2ee2e588c682411620aa73c2b3666165a9993d2197bf10571da2f44",
                "sha256:25c44076371dd2c7c2677d9febd36d526112f15871ccaa8489465b849a091913",
                "sha256:2e6868a56a167a53f9cd54faf4a4e788c800413eb87912d13511adef8d0ff194",
                "sha256:35e51b7a21b93d7521f68825af3693f6cc89456154df7fe201af5268bc84018e",
                "sha256:3ae50a560248f8aa6c2ea344bbf084931500c35c11ebf1d2af209657f27a8f4a",
                "sha256:42867ca64351c945d41ccf0decd268b61e0bc626a1456efa08f1ee3ee1f1aacf",
                "sha256:4666452afd7055bfa1c722fb0083d59489ed97f50ea853fdf50d7774a16c434d",
                "sha256:5331e75bb3466d81363d863d75663e88805713ff921692a6848cd58bb61d1939",
                "sha256:53f2262a160997e845c524f028d5aa8287c67dd9c84aaefbb1c39087b69d9850",
                "sha256:6193f6dd51f7938d11e71a2a17850805e57c3d8e4ce5a3126201f27cf69e5e23",
                "sha256:633fb249e4c377df6f8013bbf676e94004f854a8785b944eca11ce80c4b65f77",
                "sha256:68de6cdfd36e85551d4057fcc612224dab76f1a8878fde7688d0a16e681fa963",
                "sha256:69ab6473da569925a960c420f8b3c5c7d0ec739ecc1d54cfc018596f1eca4743",
                "sha256:6d6647da006469eb3b75c7f5f9bae46e82da2f673c77d73c5ca84204c5ba210e",
                "sha256:859422978d025befe42da44125e8511b41287994ac5c2d982034f8a9558f356d",
                "sha256:8f6e333ff0b01f0645fe1469a1883844f3a53a028de4a47b999c423b8de13991",
                "sha256:9bdd9751d3d3e80b4898fa33ab3d225a4c32ede8e6125121b5f7ac15e63a6eda",
                "sha256:a879961a2c917a6ab77259b4e93a6cfb9b78a5831d07dd12a660b9abc5da920a",
                "sha256:bb4334da4ff128fc2a592695d2352ba2286e839eaa55ab39aba77eeee2953635",
                "sha256:d45ee6c0008149575c53c358bd1832c98752ce31dcc299b4bcfd43a074c3a1a8",
                "sha256:ee3b3c6462b06b87eefe298dea9b8bff05c77cc25cb8ebd5c5ff2f553971a464"
            ],
            "version": "==0.2.0"
        },
        "gunicorn": {
            "hashes": [
                "sha256:75af03c99389535f218cc596c7de74df4763803f7b63eb09d77e92b3956b36c6",
                "sha256:eee1169f0ca667be05db3351a0960765620dad53f53434262ff8901b68a1b622"
            ],
            "index": "pypi",
            "version": "==19.7.1"
        },
        "httptools": {
            "hashes": [
                "sha256:04c7703bbef0e8ca28b09811547352b8c7c20549eab70dc24e536bb24fd2b7c5"
            ],
            "version": "==0.0.11"
        },
        "javascripthon": {
            "hashes": [
                "sha256:65d55e3e5fe65d0045fa9fb0463f7dfb1078948029fc4e5ed2f4e50dba81a660"
            ],
            "index": "pypi",
            "version": "==0.9"
        },
        "macropy3": {
            "hashes": [
                "sha256:5f6049bb8b9d1ac7b2a4344da717dab5333fca46f4fa33a1590c223d89f4adde"
            ],
            "version": "==1.0.4.dev2"
        },
        "sanic": {
            "hashes": [
                "sha256:18a3bd729093ac93a245849c44045c505a11e6d36da5bf231cb986bfb1e3c14c",
                "sha256:22b1a6f1dc55db8a136335cb0961afa95040ca78aa8c78425a40d91e8618e60e"
            ],
            "index": "pypi",
            "version": "==0.7.0"
        },
        "ujson": {
            "hashes": [
                "sha256:f66073e5506e91d204ab0c614a148d5aa938bdbf104751be66f8ad7a222f5f86"
            ],
            "version": "==1.35"
        },
        "uvloop": {
            "hashes": [
                "sha256:01cf7199728867f406ba5af78cc47c80acd663ccc52cae105e737a997f1b2bca",
                "sha256:68574150720a380509a3409bf2941be0199cfdacff144a97502fb29c250ba927",
                "sha256:7ee14835a75c72227d3f8a3f370519a3106a6f02e5453f275f16437ebdb92953",
                "sha256:7fba5f390db607b2f026bc598df6b2a2a9e062bffe82910b5ffe2b88560135e5",
                "sha256:89c3bfaad77625490c42a6b99af1879234767ab0c31dd193486a909506e5e549",
                "sha256:b057ef2b0d0162c1ef257f43a95f59bfec37ee9a75cc5412d6b7f9ac6d1d69cb",
                "sha256:e7c871ba3edd5fcf2afb756de88a9a65245070161e24f75abe79c0a241bb8c76"
            ],
            "version": "==0.9.1"
        },
        "websockets": {
            "hashes": [
                "sha256:0c31bc832d529dc7583d324eb6c836a4f362032a1902723c112cf57883488d8c",
                "sha256:1f3e5a52cab6daa3d432c7b0de0a14109be39d2bfaad033ee5de4a3d3e11dcdf",
                "sha256:341824d8c9ad53fc43cca3fa9407f294125fa258592f7676640396501448e57e",
                "sha256:367ff945bc0950ad9634591e2afe50bf2222bc4fad1088a386c4bb700888026e",
                "sha256:3859ca16c229ddb0fa21c5090e4efcb037c08ce69b0c1dfed6122c3f98cd0c22",
                "sha256:3d425ae081fb4ba1eef9ecf30472ffd79f8e868297ccc7a47993c96dbf2a819c",
                "sha256:64896a6b3368c959b8096b655e46f03dfa65b96745249f374bd6a35705cc3489",
                "sha256:6df87698022aef2596bffdfecc96d656db59c8d719708c8a471daa815ee61656",
                "sha256:80188abdadd23edaaea05ce761dc9a2e1df31a74a0533967f0dcd9560c85add0",
                "sha256:d1a0572b6edb22c9208e3e5381064e09d287d2a915f90233fef994ee7a14a935",
                "sha256:da4d4fbe059b0453e726d6d993760065d69b823a27efc3040402a6fcfe6a1ed9",
                "sha256:da7610a017f5343fdf765f4e0eb6fd0dfd08264ca1565212b110836d9367fc9c",
                "sha256:ebdd4f18fe7e3bea9bd3bf446b0f4117739478caa2c76e4f0fb72cc45b03cbd7",
                "sha256:f5192da704535a7cbf76d6e99c1ec4af7e8d1288252bf5a2385d414509ded0cf",
                "sha256:fd81af8cf3e69f9a97f3a6c0623a0527de0f922c2df725f00cd7646d478af632",
                "sha256:fecf51c13195c416c22422353b306dddb9c752e4b80b21e0fa1fccbe38246677"
            ],
            "version": "==4.0.1"
        }
    },
    "develop": {}
}
